
Microsoft Visual Studio Solution File, Format Version 12.00
# Visual Studio Version 17
VisualStudioVersion = 17.13.35806.99 d17.13
MinimumVisualStudioVersion = 10.0.40219.1
Project("{FAE04EC0-301F-11D3-BF4B-00C04F79EFBC}") = "MvcMovies", "MvcMovies\MvcMovies.csproj", "{B534C493-C4A6-43B7-9370-D194EF67AD66}"
EndProject
Global
	GlobalSection(SolutionConfigurationPlatforms) = preSolution
		Debug|Any CPU = Debug|Any CPU
		Release|Any CPU = Release|Any CPU
	EndGlobalSection
	GlobalSection(ProjectConfigurationPlatforms) = postSolution
		{B534C493-C4A6-43B7-9370-D194EF67AD66}.Debug|Any CPU.ActiveCfg = Debug|Any CPU
		{B534C493-C4A6-43B7-9370-D194EF67AD66}.Debug|Any CPU.Build.0 = Debug|Any CPU
		{B534C493-C4A6-43B7-9370-D194EF67AD66}.Release|Any CPU.ActiveCfg = Release|Any CPU
		{B534C493-C4A6-43B7-9370-D194EF67AD66}.Release|Any CPU.Build.0 = Release|Any CPU
	EndGlobalSection
	GlobalSection(SolutionProperties) = preSolution
		HideSolutionNode = FALSE
	EndGlobalSection
	GlobalSection(ExtensibilityGlobals) = postSolution
		SolutionGuid = {C4E57912-DE14-4ED0-AD79-2ACCF17A332F}
	EndGlobalSection
EndGlobal
